
Microsoft Visual Studio Solution File, Format Version 12.00
# Visual Studio 14
VisualStudioVersion = 14.0.23107.0
MinimumVisualStudioVersion = 10.0.40219.1
Project("{FAE04EC0-301F-11D3-BF4B-00C04F79EFBC}") = "Ass1", "Week4lab\Ass1.csproj", "{F01C3BA9-FDA4-49FC-860F-6DEB470E84A6}"
EndProject
Global
	GlobalSection(SolutionConfigurationPlatforms) = preSolution
		Debug|x86 = Debug|x86
		Release|x86 = Release|x86
	EndGlobalSection
	GlobalSection(ProjectConfigurationPlatforms) = postSolution
		{F01C3BA9-FDA4-49FC-860F-6DEB470E84A6}.Debug|x86.ActiveCfg = Debug|x86
		{F01C3BA9-FDA4-49FC-860F-6DEB470E84A6}.Debug|x86.Build.0 = Debug|x86
		{F01C3BA9-FDA4-49FC-860F-6DEB470E84A6}.Release|x86.ActiveCfg = Release|x86
		{F01C3BA9-FDA4-49FC-860F-6DEB470E84A6}.Release|x86.Build.0 = Release|x86
	EndGlobalSection
	GlobalSection(SolutionProperties) = preSolution
		HideSolutionNode = FALSE
	EndGlobalSection
EndGlobal
